{
  "name": "@ocdladefense/webc-oar",
  "version": "1.0.0",
  "lockfileVersion": 3,
  "requires": true,
  "packages": {
    "": {
      "name": "@ocdladefense/webc-oar",
      "version": "1.0.0",
      "license": "ISC",
      "dependencies": {
        "@ocdladefense/lib-http": "https://github.com/ocdladefense/node-lib-http",
        "@ocdladefense/lib-mock": "file:./dev_modules/lib-mock",
        "@ocdladefense/lib-polyfill": "https://github.com/ocdladefense/node-lib-polyfill"
      }
    },
    "dev_modules/lib-mock": {
      "name": "@ocdladefense/lib-mock",
      "version": "1.0.0"
    },
    "node_modules/@ocdladefense/lib-http": {
      "version": "1.1.0",
      "resolved": "git+ssh://git@github.com/ocdladefense/node-lib-http.git#4e37364dd306f337942663956d97b632d4279e84"
    },
    "node_modules/@ocdladefense/lib-mock": {
      "resolved": "dev_modules/lib-mock",
      "link": true
    },
    "node_modules/@ocdladefense/lib-polyfill": {
      "version": "1.0.0",
      "resolved": "git+ssh://git@github.com/ocdladefense/node-lib-polyfill.git#ca6d65474248db410fedb50714e9b91865015e96"
    }
  }
}
